
Microsoft Visual Studio Solution File, Format Version 12.00
# Visual Studio Version 17
VisualStudioVersion = 17.3.32825.248
MinimumVisualStudioVersion = 10.0.40219.1
Project("{FAE04EC0-301F-11D3-BF4B-00C04F79EFBC}") = "aulaGamaDBProduto", "aulaGamaDBProduto\aulaGamaDBProduto.csproj", "{09152ACC-3A47-4602-A7D5-1D3ECB10C603}"
EndProject
Project("{FAE04EC0-301F-11D3-BF4B-00C04F79EFBC}") = "aulaGamaDBProduto.Api", "aulaGamaDBProduto.Api\aulaGamaDBProduto.Api.csproj", "{99DFFFD0-1222-492F-B24A-01B9CC2B8B79}"
EndProject
Global
	GlobalSection(SolutionConfigurationPlatforms) = preSolution
		Debug|Any CPU = Debug|Any CPU
		Release|Any CPU = Release|Any CPU
	EndGlobalSection
	GlobalSection(ProjectConfigurationPlatforms) = postSolution
		{09152ACC-3A47-4602-A7D5-1D3ECB10C603}.Debug|Any CPU.ActiveCfg = Debug|Any CPU
		{09152ACC-3A47-4602-A7D5-1D3ECB10C603}.Debug|Any CPU.Build.0 = Debug|Any CPU
		{09152ACC-3A47-4602-A7D5-1D3ECB10C603}.Release|Any CPU.ActiveCfg = Release|Any CPU
		{09152ACC-3A47-4602-A7D5-1D3ECB10C603}.Release|Any CPU.Build.0 = Release|Any CPU
		{99DFFFD0-1222-492F-B24A-01B9CC2B8B79}.Debug|Any CPU.ActiveCfg = Debug|Any CPU
		{99DFFFD0-1222-492F-B24A-01B9CC2B8B79}.Debug|Any CPU.Build.0 = Debug|Any CPU
		{99DFFFD0-1222-492F-B24A-01B9CC2B8B79}.Release|Any CPU.ActiveCfg = Release|Any CPU
		{99DFFFD0-1222-492F-B24A-01B9CC2B8B79}.Release|Any CPU.Build.0 = Release|Any CPU
	EndGlobalSection
	GlobalSection(SolutionProperties) = preSolution
		HideSolutionNode = FALSE
	EndGlobalSection
	GlobalSection(ExtensibilityGlobals) = postSolution
		SolutionGuid = {D64B4943-D645-4D7A-8CFA-07D1F99B7C20}
	EndGlobalSection
EndGlobal
